
Microsoft Visual Studio Solution File, Format Version 12.00
# Visual Studio Version 17
VisualStudioVersion = 17.0.32112.339
MinimumVisualStudioVersion = 10.0.40219.1
Project("{0C603C2C-620A-423B-A800-4F3E2F6281F1}") = "DatabaseProject1", "DatabaseProject1.usqldbproj", "{9578CB8F-D581-49A1-9C93-3729B159F5F4}"
EndProject
Global
	GlobalSection(SolutionConfigurationPlatforms) = preSolution
		Debug|Any CPU = Debug|Any CPU
		Release|Any CPU = Release|Any CPU
	EndGlobalSection
	GlobalSection(ProjectConfigurationPlatforms) = postSolution
		{9578CB8F-D581-49A1-9C93-3729B159F5F4}.Debug|Any CPU.ActiveCfg = Debug|Any CPU
		{9578CB8F-D581-49A1-9C93-3729B159F5F4}.Debug|Any CPU.Build.0 = Debug|Any CPU
		{9578CB8F-D581-49A1-9C93-3729B159F5F4}.Release|Any CPU.ActiveCfg = Release|Any CPU
		{9578CB8F-D581-49A1-9C93-3729B159F5F4}.Release|Any CPU.Build.0 = Release|Any CPU
	EndGlobalSection
	GlobalSection(SolutionProperties) = preSolution
		HideSolutionNode = FALSE
	EndGlobalSection
	GlobalSection(ExtensibilityGlobals) = postSolution
		SolutionGuid = {E5586024-94D2-46FE-8098-5EBC5F17DE89}
	EndGlobalSection
EndGlobal
